# This file is automatically @generated by Cargo.
# It is not intended for manual editing.
version = 4

[[package]]
name = "tex2word"
version = "1.0.6"
dependencies = [
 "tex2word-backend",
 "tex2word-frontend",
 "tex2word-ir",
 "tex2word-latex",
 "tex2word-validate",
]

[[package]]
name = "tex2word-backend"
version = "1.0.6"
dependencies = [
 "tex2word-ir",
 "tex2word-math",
]

[[package]]
name = "tex2word-cli"
version = "1.0.6"
dependencies = [
 "tex2word",
 "tex2word-validate",
]

[[package]]
name = "tex2word-frontend"
version = "1.0.6"
dependencies = [
 "tex2word-ir",
]

[[package]]
name = "tex2word-ir"
version = "1.0.6"

[[package]]
name = "tex2word-latex"
version = "1.0.6"
dependencies = [
 "tex2word-ir",
]

[[package]]
name = "tex2word-math"
version = "1.0.6"

[[package]]
name = "tex2word-validate"
version = "1.0.6"
